
Microsoft Visual Studio Solution File, Format Version 12.00
# Visual Studio 15
VisualStudioVersion = 15.0.27703.2047
MinimumVisualStudioVersion = 10.0.40219.1
Project("{FAE04EC0-301F-11D3-BF4B-00C04F79EFBC}") = "Ocugine SDK", "Ocugine SDK\Ocugine SDK.csproj", "{319EDA90-2222-41DF-966C-E1B99965B136}"
EndProject
Project("{FAE04EC0-301F-11D3-BF4B-00C04F79EFBC}") = "Ocugine CSharp SDK Demo", "..\Ocugine CSharp SDK Demo\Ocugine CSharp SDK Demo\Ocugine CSharp SDK Demo.csproj", "{EE85D370-5012-40F6-BE7B-42F21E8A72C4}"
EndProject
Project("{FAE04EC0-301F-11D3-BF4B-00C04F79EFBC}") = "Console Debug", "Console Debug\Console Debug.csproj", "{353B919F-E129-454A-B247-FF6BF25B6289}"
EndProject
Global
	GlobalSection(SolutionConfigurationPlatforms) = preSolution
		Debug|Any CPU = Debug|Any CPU
		Release|Any CPU = Release|Any CPU
	EndGlobalSection
	GlobalSection(ProjectConfigurationPlatforms) = postSolution
		{319EDA90-2222-41DF-966C-E1B99965B136}.Debug|Any CPU.ActiveCfg = Debug|Any CPU
		{319EDA90-2222-41DF-966C-E1B99965B136}.Debug|Any CPU.Build.0 = Debug|Any CPU
		{319EDA90-2222-41DF-966C-E1B99965B136}.Release|Any CPU.ActiveCfg = Release|Any CPU
		{319EDA90-2222-41DF-966C-E1B99965B136}.Release|Any CPU.Build.0 = Release|Any CPU
		{EE85D370-5012-40F6-BE7B-42F21E8A72C4}.Debug|Any CPU.ActiveCfg = Debug|Any CPU
		{EE85D370-5012-40F6-BE7B-42F21E8A72C4}.Debug|Any CPU.Build.0 = Debug|Any CPU
		{EE85D370-5012-40F6-BE7B-42F21E8A72C4}.Release|Any CPU.ActiveCfg = Release|Any CPU
		{EE85D370-5012-40F6-BE7B-42F21E8A72C4}.Release|Any CPU.Build.0 = Release|Any CPU
		{353B919F-E129-454A-B247-FF6BF25B6289}.Debug|Any CPU.ActiveCfg = Debug|Any CPU
		{353B919F-E129-454A-B247-FF6BF25B6289}.Debug|Any CPU.Build.0 = Debug|Any CPU
		{353B919F-E129-454A-B247-FF6BF25B6289}.Release|Any CPU.ActiveCfg = Release|Any CPU
		{353B919F-E129-454A-B247-FF6BF25B6289}.Release|Any CPU.Build.0 = Release|Any CPU
	EndGlobalSection
	GlobalSection(SolutionProperties) = preSolution
		HideSolutionNode = FALSE
	EndGlobalSection
	GlobalSection(ExtensibilityGlobals) = postSolution
		SolutionGuid = {C2F6D7B1-EE9E-4B38-9DB1-94BCC24417B7}
	EndGlobalSection
EndGlobal
